// !$*UTF8*$!
{
	archiveVersion = 1;
	classes = {
	};
	objectVersion = 46;
	objects = {

/* Begin PBXBuildFile section */
		DBF270181B36180A0064F246 /* main.m in Sources */ = {isa = PBXBuildFile; fileRef = DBF270171B36180A0064F246 /* main.m */; };
		DBF2701B1B36180A0064F246 /* AppDelegate.m in Sources */ = {isa = PBXBuildFile; fileRef = DBF2701A1B36180A0064F246 /* AppDelegate.m */; };
		DBF2701E1B36180A0064F246 /* ViewController.m in Sources */ = {isa = PBXBuildFile; fileRef = DBF2701D1B36180A0064F246 /* ViewController.m */; };
		DBF270211B36180A0064F246 /* Main.storyboard in Resources */ = {isa = PBXBuildFile; fileRef = DBF2701F1B36180A0064F246 /* Main.storyboard */; };
		DBF270231B36180A0064F246 /* Images.xcassets in Resources */ = {isa = PBXBuildFile; fileRef = DBF270221B36180A0064F246 /* Images.xcassets */; };
		DBF270261B36180A0064F246 /* LaunchScreen.xib in Resources */ = {isa = PBXBuildFile; fileRef = DBF270241B36180A0064F246 /* LaunchScreen.xib */; };
		DBF270321B36180A0064F246 /* ProjetoFeriasQuadroIluminadoTests.m in Sources */ = {isa = PBXBuildFile; fileRef = DBF270311B36180A0064F246 /* ProjetoFeriasQuadroIluminadoTests.m */; };
/* End PBXBuildFile section */

/* Begin PBXContainerItemProxy section */
		DBF2702C1B36180A0064F246 /* PBXContainerItemProxy */ = {
			isa = PBXContainerItemProxy;
			containerPortal = DBF2700A1B36180A0064F246 /* Project object */;
			proxyType = 1;
			remoteGlobalIDString = DBF270111B36180A0064F246;
			remoteInfo = ProjetoFeriasQuadroIluminado;
		};
/* End PBXContainerItemProxy section */

/* Begin PBXFileReference section */
		DBF270121B36180A0064F246 /* ProjetoFeriasQuadroIluminado.app */ = {isa = PBXFileReference; explicitFileType = wrapper.application; includeInIndex = 0; path = ProjetoFeriasQuadroIluminado.app; sourceTree = BUILT_PRODUCTS_DIR; };
		DBF270161B36180A0064F246 /* Info.plist */ = {isa = PBXFileReference; lastKnownFileType = text.plist.xml; path = Info.plist; sourceTree = "<group>"; };
		DBF270171B36180A0064F246 /* main.m */ = {isa = PBXFileReference; lastKnownFileType = sourcecode.c.objc; path = main.m; sourceTree = "<group>"; };
		DBF270191B36180A0064F246 /* AppDelegate.h */ = {isa = PBXFileReference; lastKnownFileType = sourcecode.c.h; path = AppDelegate.h; sourceTree = "<group>"; };
		DBF2701A1B36180A0064F246 /* AppDelegate.m */ = {isa = PBXFileReference; lastKnownFileType = sourcecode.c.objc; path = AppDelegate.m; sourceTree = "<group>"; };
		DBF2701C1B36180A0064F246 /* ViewController.h */ = {isa = PBXFileReference; lastKnownFileType = sourcecode.c.h; path = ViewController.h; sourceTree = "<group>"; };
		DBF2701D1B36180A0064F246 /* ViewController.m */ = {isa = PBXFileReference; lastKnownFileType = sourcecode.c.objc; path = ViewController.m; sourceTree = "<group>"; };
		DBF270201B36180A0064F246 /* Base */ = {isa = PBXFileReference; lastKnownFileType = file.storyboard; name = Base; path = Base.lproj/Main.storyboard; sourceTree = "<group>"; };
		DBF270221B36180A0064F246 /* Images.xcassets */ = {isa = PBXFileReference; lastKnownFileType = folder.assetcatalog; path = Images.xcassets; sourceTree = "<group>"; };
		DBF270251B36180A0064F246 /* Base */ = {isa = PBXFileReference; lastKnownFileType = file.xib; name = Base; path = Base.lproj/LaunchScreen.xib; sourceTree = "<group>"; };
		DBF2702B1B36180A0064F246 /* ProjetoFeriasQuadroIluminadoTests.xctest */ = {isa = PBXFileReference; explicitFileType = wrapper.cfbundle; includeInIndex = 0; path = ProjetoFeriasQuadroIluminadoTests.xctest; sourceTree = BUILT_PRODUCTS_DIR; };
		DBF270301B36180A0064F246 /* Info.plist */ = {isa = PBXFileReference; lastKnownFileType = text.plist.xml; path = Info.plist; sourceTree = "<group>"; };
		DBF270311B36180A0064F246 /* ProjetoFeriasQuadroIluminadoTests.m */ = {isa = PBXFileReference; lastKnownFileType = sourcecode.c.objc; path = ProjetoFeriasQuadroIluminadoTests.m; sourceTree = "<group>"; };
/* End PBXFileReference section */

/* Begin PBXFrameworksBuildPhase section */
		DBF2700F1B36180A0064F246 /* Frameworks */ = {
			isa = PBXFrameworksBuildPhase;
			buildActionMask = 2147483647;
			files = (
			);
			runOnlyForDeploymentPostprocessing = 0;
		};
		DBF270281B36180A0064F246 /* Frameworks */ = {
			isa = PBXFrameworksBuildPhase;
			buildActionMask = 2147483647;
			files = (
			);
			runOnlyForDeploymentPostprocessing = 0;
		};
/* End PBXFrameworksBuildPhase section */

/* Begin PBXGroup section */
		DBF270091B36180A0064F246 = {
			isa = PBXGroup;
			children = (
				DBF270141B36180A0064F246 /* ProjetoFeriasQuadroIluminado */,
				DBF2702E1B36180A0064F246 /* ProjetoFeriasQuadroIluminadoTests */,
				DBF270131B36180A0064F246 /* Products */,
			);
			sourceTree = "<group>";
		};
		DBF270131B36180A0064F246 /* Products */ = {
			isa = PBXGroup;
			children = (
				DBF270121B36180A0064F246 /* ProjetoFeriasQuadroIluminado.app */,
				DBF2702B1B36180A0064F246 /* ProjetoFeriasQuadroIluminadoTests.xctest */,
			);
			name = Products;
			sourceTree = "<group>";
		};
		DBF270141B36180A0064F246 /* ProjetoFeriasQuadroIluminado */ = {
			isa = PBXGroup;
			children = (
				DBF270191B36180A0064F246 /* AppDelegate.h */,
				DBF2701A1B36180A0064F246 /* AppDelegate.m */,
				DBF2701C1B36180A0064F246 /* ViewController.h */,
				DBF2701D1B36180A0064F246 /* ViewController.m */,
				DBF2701F1B36180A0064F246 /* Main.storyboard */,
				DBF270221B36180A0064F246 /* Images.xcassets */,
				DBF270241B36180A0064F246 /* LaunchScreen.xib */,
				DBF270151B36180A0064F246 /* Supporting Files */,
			);
			path = ProjetoFeriasQuadroIluminado;
			sourceTree = "<group>";
		};
		DBF270151B36180A0064F246 /* Supporting Files */ = {
			isa = PBXGroup;
			children = (
				DBF270161B36180A0064F246 /* Info.plist */,
				DBF270171B36180A0064F246 /* main.m */,
			);
			name = "Supporting Files";
			sourceTree = "<group>";
		};
		DBF2702E1B36180A0064F246 /* ProjetoFeriasQuadroIluminadoTests */ = {
			isa = PBXGroup;
			children = (
				DBF270311B36180A0064F246 /* ProjetoFeriasQuadroIluminadoTests.m */,
				DBF2702F1B36180A0064F246 /* Supporting Files */,
			);
			path = ProjetoFeriasQuadroIluminadoTests;
			sourceTree = "<group>";
		};
		DBF2702F1B36180A0064F246 /* Supporting Files */ = {
			isa = PBXGroup;
			children = (
				DBF270301B36180A0064F246 /* Info.plist */,
			);
			name = "Supporting Files";
			sourceTree = "<group>";
		};
/* End PBXGroup section */

/* Begin PBXNativeTarget section */
		DBF270111B36180A0064F246 /* ProjetoFeriasQuadroIluminado */ = {
			isa = PBXNativeTarget;
			buildConfigurationList = DBF270351B36180A0064F246 /* Build configuration list for PBXNativeTarget "ProjetoFeriasQuadroIluminado" */;
			buildPhases = (
				DBF2700E1B36180A0064F246 /* Sources */,
				DBF2700F1B36180A0064F246 /* Frameworks */,
				DBF270101B36180A0064F246 /* Resources */,
			);
			buildRules = (
			);
			dependencies = (
			);
			name = ProjetoFeriasQuadroIluminado;
			productName = ProjetoFeriasQuadroIluminado;
			productReference = DBF270121B36180A0064F246 /* ProjetoFeriasQuadroIluminado.app */;
			productType = "com.apple.product-type.application";
		};
		DBF2702A1B36180A0064F246 /* ProjetoFeriasQuadroIluminadoTests */ = {
			isa = PBXNativeTarget;
			buildConfigurationList = DBF270381B36180A0064F246 /* Build configuration list for PBXNativeTarget "ProjetoFeriasQuadroIluminadoTests" */;
			buildPhases = (
				DBF270271B36180A0064F246 /* Sources */,
				DBF270281B36180A0064F246 /* Frameworks */,
				DBF270291B36180A0064F246 /* Resources */,
			);
			buildRules = (
			);
			dependencies = (
				DBF2702D1B36180A0064F246 /* PBXTargetDependency */,
			);
			name = ProjetoFeriasQuadroIluminadoTests;
			productName = ProjetoFeriasQuadroIluminadoTests;
			productReference = DBF2702B1B36180A0064F246 /* ProjetoFeriasQuadroIluminadoTests.xctest */;
			productType = "com.apple.product-type.bundle.unit-test";
		};
/* End PBXNativeTarget section */

/* Begin PBXProject section */
		DBF2700A1B36180A0064F246 /* Project object */ = {
			isa = PBXProject;
			attributes = {
				LastUpgradeCheck = 0630;
				ORGANIZATIONNAME = "Humberto Vieira de Castro";
				TargetAttributes = {
					DBF270111B36180A0064F246 = {
						CreatedOnToolsVersion = 6.3.2;
					};
					DBF2702A1B36180A0064F246 = {
						CreatedOnToolsVersion = 6.3.2;
						TestTargetID = DBF270111B36180A0064F246;
					};
				};
			};
			buildConfigurationList = DBF2700D1B36180A0064F246 /* Build configuration list for PBXProject "ProjetoFeriasQuadroIluminado" */;
			compatibilityVersion = "Xcode 3.2";
			developmentRegion = English;
			hasScannedForEncodings = 0;
			knownRegions = (
				en,
				Base,
			);
			mainGroup = DBF270091B36180A0064F246;
			productRefGroup = DBF270131B36180A0064F246 /* Products */;
			projectDirPath = "";
			projectRoot = "";
			targets = (
				DBF270111B36180A0064F246 /* ProjetoFeriasQuadroIluminado */,
				DBF2702A1B36180A0064F246 /* ProjetoFeriasQuadroIluminadoTests */,
			);
		};
/* End PBXProject section */

/* Begin PBXResourcesBuildPhase section */
		DBF270101B36180A0064F246 /* Resources */ = {
			isa = PBXResourcesBuildPhase;
			buildActionMask = 2147483647;
			files = (
				DBF270211B36180A0064F246 /* Main.storyboard in Resources */,
				DBF270261B36180A0064F246 /* LaunchScreen.xib in Resources */,
				DBF270231B36180A0064F246 /* Images.xcassets in Resources */,
			);
			runOnlyForDeploymentPostprocessing = 0;
		};
		DBF270291B36180A0064F246 /* Resources */ = {
			isa = PBXResourcesBuildPhase;
			buildActionMask = 2147483647;
			files = (
			);
			runOnlyForDeploymentPostprocessing = 0;
		};
/* End PBXResourcesBuildPhase section */

/* Begin PBXSourcesBuildPhase section */
		DBF2700E1B36180A0064F246 /* Sources */ = {
			isa = PBXSourcesBuildPhase;
			buildActionMask = 2147483647;
			files = (
				DBF2701E1B36180A0064F246 /* ViewController.m in Sources */,
				DBF2701B1B36180A0064F246 /* AppDelegate.m in Sources */,
				DBF270181B36180A0064F246 /* main.m in Sources */,
			);
			runOnlyForDeploymentPostprocessing = 0;
		};
		DBF270271B36180A0064F246 /* Sources */ = {
			isa = PBXSourcesBuildPhase;
			buildActionMask = 2147483647;
			files = (
				DBF270321B36180A0064F246 /* ProjetoFeriasQuadroIluminadoTests.m in Sources */,
			);
			runOnlyForDeploymentPostprocessing = 0;
		};
/* End PBXSourcesBuildPhase section */

/* Begin PBXTargetDependency section */
		DBF2702D1B36180A0064F246 /* PBXTargetDependency */ = {
			isa = PBXTargetDependency;
			target = DBF270111B36180A0064F246 /* ProjetoFeriasQuadroIluminado */;
			targetProxy = DBF2702C1B36180A0064F246 /* PBXContainerItemProxy */;
		};
/* End PBXTargetDependency section */

/* Begin PBXVariantGroup section */
		DBF2701F1B36180A0064F246 /* Main.storyboard */ = {
			isa = PBXVariantGroup;
			children = (
				DBF270201B36180A0064F246 /* Base */,
			);
			name = Main.storyboard;
			sourceTree = "<group>";
		};
		DBF270241B36180A0064F246 /* LaunchScreen.xib */ = {
			isa = PBXVariantGroup;
			children = (
				DBF270251B36180A0064F246 /* Base */,
			);
			name = LaunchScreen.xib;
			sourceTree = "<group>";
		};
/* End PBXVariantGroup section */

/* Begin XCBuildConfiguration section */
		DBF270331B36180A0064F246 /* Debug */ = {
			isa = XCBuildConfiguration;
			buildSettings = {
				ALWAYS_SEARCH_USER_PATHS = NO;
				CLANG_CXX_LANGUAGE_STANDARD = "gnu++0x";
				CLANG_CXX_LIBRARY = "libc++";
				CLANG_ENABLE_MODULES = YES;
				CLANG_ENABLE_OBJC_ARC = YES;
				CLANG_WARN_BOOL_CONVERSION = YES;
				CLANG_WARN_CONSTANT_CONVERSION = YES;
				CLANG_WARN_DIRECT_OBJC_ISA_USAGE = YES_ERROR;
				CLANG_WARN_EMPTY_BODY = YES;
				CLANG_WARN_ENUM_CONVERSION = YES;
				CLANG_WARN_INT_CONVERSION = YES;
				CLANG_WARN_OBJC_ROOT_CLASS = YES_ERROR;
				CLANG_WARN_UNREACHABLE_CODE = YES;
				CLANG_WARN__DUPLICATE_METHOD_MATCH = YES;
				"CODE_SIGN_IDENTITY[sdk=iphoneos*]" = "iPhone Developer";
				COPY_PHASE_STRIP = NO;
				DEBUG_INFORMATION_FORMAT = "dwarf-with-dsym";
				ENABLE_STRICT_OBJC_MSGSEND = YES;
				GCC_C_LANGUAGE_STANDARD = gnu99;
				GCC_DYNAMIC_NO_PIC = NO;
				GCC_NO_COMMON_BLOCKS = YES;
				GCC_OPTIMIZATION_LEVEL = 0;
				GCC_PREPROCESSOR_DEFINITIONS = (
					"DEBUG=1",
					"$(inherited)",
				);
				GCC_SYMBOLS_PRIVATE_EXTERN = NO;
				GCC_WARN_64_TO_32_BIT_CONVERSION = YES;
				GCC_WARN_ABOUT_RETURN_TYPE = YES_ERROR;
				GCC_WARN_UNDECLARED_SELECTOR = YES;
				GCC_WARN_UNINITIALIZED_AUTOS = YES_AGGRESSIVE;
				GCC_WARN_UNUSED_FUNCTION = YES;
				GCC_WARN_UNUSED_VARIABLE = YES;
				IPHONEOS_DEPLOYMENT_TARGET = 8.3;
				MTL_ENABLE_DEBUG_INFO = YES;
				ONLY_ACTIVE_ARCH = YES;
				SDKROOT = iphoneos;
				TARGETED_DEVICE_FAMILY = "1,2";
			};
			name = Debug;
		};
		DBF270341B36180A0064F246 /* Release */ = {
			isa = XCBuildConfiguration;
			buildSettings = {
				ALWAYS_SEARCH_USER_PATHS = NO;
				CLANG_CXX_LANGUAGE_STANDARD = "gnu++0x";
				CLANG_CXX_LIBRARY = "libc++";
				CLANG_ENABLE_MODULES = YES;
				CLANG_ENABLE_OBJC_ARC = YES;
				CLANG_WARN_BOOL_CONVERSION = YES;
				CLANG_WARN_CONSTANT_CONVERSION = YES;
				CLANG_WARN_DIRECT_OBJC_ISA_USAGE = YES_ERROR;
				CLANG_WARN_EMPTY_BODY = YES;
				CLANG_WARN_ENUM_CONVERSION = YES;
				CLANG_WARN_INT_CONVERSION = YES;
				CLANG_WARN_OBJC_ROOT_CLASS = YES_ERROR;
				CLANG_WARN_UNREACHABLE_CODE = YES;
				CLANG_WARN__DUPLICATE_METHOD_MATCH = YES;
				"CODE_SIGN_IDENTITY[sdk=iphoneos*]" = "iPhone Developer";
				COPY_PHASE_STRIP = NO;
				DEBUG_INFORMATION_FORMAT = "dwarf-with-dsym";
				ENABLE_NS_ASSERTIONS = NO;
				ENABLE_STRICT_OBJC_MSGSEND = YES;
				GCC_C_LANGUAGE_STANDARD = gnu99;
				GCC_NO_COMMON_BLOCKS = YES;
				GCC_WARN_64_TO_32_BIT_CONVERSION = YES;
				GCC_WARN_ABOUT_RETURN_TYPE = YES_ERROR;
				GCC_WARN_UNDECLARED_SELECTOR = YES;
				GCC_WARN_UNINITIALIZED_AUTOS = YES_AGGRESSIVE;
				GCC_WARN_UNUSED_FUNCTION = YES;
				GCC_WARN_UNUSED_VARIABLE = YES;
				IPHONEOS_DEPLOYMENT_TARGET = 8.3;
				MTL_ENABLE_DEBUG_INFO = NO;
				SDKROOT = iphoneos;
				TARGETED_DEVICE_FAMILY = "1,2";
				VALIDATE_PRODUCT = YES;
			};
			name = Release;
		};
		DBF270361B36180A0064F246 /* Debug */ = {
			isa = XCBuildConfiguration;
			buildSettings = {
				ASSETCATALOG_COMPILER_APPICON_NAME = AppIcon;
				INFOPLIST_FILE = ProjetoFeriasQuadroIluminado/Info.plist;
				LD_RUNPATH_SEARCH_PATHS = "$(inherited) @executable_path/Frameworks";
				PRODUCT_NAME = "$(TARGET_NAME)";
			};
			name = Debug;
		};
		DBF270371B36180A0064F246 /* Release */ = {
			isa = XCBuildConfiguration;
			buildSettings = {
				ASSETCATALOG_COMPILER_APPICON_NAME = AppIcon;
				INFOPLIST_FILE = ProjetoFeriasQuadroIluminado/Info.plist;
				LD_RUNPATH_SEARCH_PATHS = "$(inherited) @executable_path/Frameworks";
				PRODUCT_NAME = "$(TARGET_NAME)";
			};
			name = Release;
		};
		DBF270391B36180A0064F246 /* Debug */ = {
			isa = XCBuildConfiguration;
			buildSettings = {
				BUNDLE_LOADER = "$(TEST_HOST)";
				FRAMEWORK_SEARCH_PATHS = (
					"$(SDKROOT)/Developer/Library/Frameworks",
					"$(inherited)",
				);
				GCC_PREPROCESSOR_DEFINITIONS = (
					"DEBUG=1",
					"$(inherited)",
				);
				INFOPLIST_FILE = ProjetoFeriasQuadroIluminadoTests/Info.plist;
				LD_RUNPATH_SEARCH_PATHS = "$(inherited) @executable_path/Frameworks @loader_path/Frameworks";
				PRODUCT_NAME = "$(TARGET_NAME)";
				TEST_HOST = "$(BUILT_PRODUCTS_DIR)/ProjetoFeriasQuadroIluminado.app/ProjetoFeriasQuadroIluminado";
			};
			name = Debug;
		};
		DBF2703A1B36180A0064F246 /* Release */ = {
			isa = XCBuildConfiguration;
			buildSettings = {
				BUNDLE_LOADER = "$(TEST_HOST)";
				FRAMEWORK_SEARCH_PATHS = (
					"$(SDKROOT)/Developer/Library/Frameworks",
					"$(inherited)",
				);
				INFOPLIST_FILE = ProjetoFeriasQuadroIluminadoTests/Info.plist;
				LD_RUNPATH_SEARCH_PATHS = "$(inherited) @executable_path/Frameworks @loader_path/Frameworks";
				PRODUCT_NAME = "$(TARGET_NAME)";
				TEST_HOST = "$(BUILT_PRODUCTS_DIR)/ProjetoFeriasQuadroIluminado.app/ProjetoFeriasQuadroIluminado";
			};
			name = Release;
		};
/* End XCBuildConfiguration section */

/* Begin XCConfigurationList section */
		DBF2700D1B36180A0064F246 /* Build configuration list for PBXProject "ProjetoFeriasQuadroIluminado" */ = {
			isa = XCConfigurationList;
			buildConfigurations = (
				DBF270331B36180A0064F246 /* Debug */,
				DBF270341B36180A0064F246 /* Release */,
			);
			defaultConfigurationIsVisible = 0;
			defaultConfigurationName = Release;
		};
		DBF270351B36180A0064F246 /* Build configuration list for PBXNativeTarget "ProjetoFeriasQuadroIluminado" */ = {
			isa = XCConfigurationList;
			buildConfigurations = (
				DBF270361B36180A0064F246 /* Debug */,
				DBF270371B36180A0064F246 /* Release */,
			);
			defaultConfigurationIsVisible = 0;
		};
		DBF270381B36180A0064F246 /* Build configuration list for PBXNativeTarget "ProjetoFeriasQuadroIluminadoTests" */ = {
			isa = XCConfigurationList;
			buildConfigurations = (
				DBF270391B36180A0064F246 /* Debug */,
				DBF2703A1B36180A0064F246 /* Release */,
			);
			defaultConfigurationIsVisible = 0;
		};
/* End XCConfigurationList section */
	};
	rootObject = DBF2700A1B36180A0064F246 /* Project object */;
}
