// !$*UTF8*$!
{
	archiveVersion = 1;
	classes = {
	};
	objectVersion = 46;
	objects = {

/* Begin PBXBuildFile section */
		DB117C3C1B4637D700059E77 /* QuadrosViewController.swift in Sources */ = {isa = PBXBuildFile; fileRef = DB117C3B1B4637D700059E77 /* QuadrosViewController.swift */; };
		DB9F39141B3FA84E001D1D56 /* DispositivosTableViewController.swift in Sources */ = {isa = PBXBuildFile; fileRef = DB9F39131B3FA84E001D1D56 /* DispositivosTableViewController.swift */; };
		DBC3FA9D1B3F8F3F00FC004C /* AppDelegate.swift in Sources */ = {isa = PBXBuildFile; fileRef = DBC3FA9C1B3F8F3F00FC004C /* AppDelegate.swift */; };
		DBC3FA9F1B3F8F3F00FC004C /* ViewController.swift in Sources */ = {isa = PBXBuildFile; fileRef = DBC3FA9E1B3F8F3F00FC004C /* ViewController.swift */; };
		DBC3FAA21B3F8F3F00FC004C /* Main.storyboard in Resources */ = {isa = PBXBuildFile; fileRef = DBC3FAA01B3F8F3F00FC004C /* Main.storyboard */; };
		DBC3FAA41B3F8F3F00FC004C /* Images.xcassets in Resources */ = {isa = PBXBuildFile; fileRef = DBC3FAA31B3F8F3F00FC004C /* Images.xcassets */; };
		DBC3FAA71B3F8F3F00FC004C /* LaunchScreen.xib in Resources */ = {isa = PBXBuildFile; fileRef = DBC3FAA51B3F8F3F00FC004C /* LaunchScreen.xib */; };
		DBC3FAB31B3F8F3F00FC004C /* Projeto_Ferias_Quadro_Fotos_Iluminado_iOSTests.swift in Sources */ = {isa = PBXBuildFile; fileRef = DBC3FAB21B3F8F3F00FC004C /* Projeto_Ferias_Quadro_Fotos_Iluminado_iOSTests.swift */; };
/* End PBXBuildFile section */

/* Begin PBXContainerItemProxy section */
		DBC3FAAD1B3F8F3F00FC004C /* PBXContainerItemProxy */ = {
			isa = PBXContainerItemProxy;
			containerPortal = DBC3FA8F1B3F8F3F00FC004C /* Project object */;
			proxyType = 1;
			remoteGlobalIDString = DBC3FA961B3F8F3F00FC004C;
			remoteInfo = "Projeto-Ferias-Quadro-Fotos-Iluminado-iOS";
		};
/* End PBXContainerItemProxy section */

/* Begin PBXFileReference section */
		DB117C3B1B4637D700059E77 /* QuadrosViewController.swift */ = {isa = PBXFileReference; fileEncoding = 4; lastKnownFileType = sourcecode.swift; path = QuadrosViewController.swift; sourceTree = "<group>"; };
		DB9F39131B3FA84E001D1D56 /* DispositivosTableViewController.swift */ = {isa = PBXFileReference; fileEncoding = 4; lastKnownFileType = sourcecode.swift; path = DispositivosTableViewController.swift; sourceTree = "<group>"; };
		DBC3FA971B3F8F3F00FC004C /* Projeto-Ferias-Quadro-Fotos-Iluminado-iOS.app */ = {isa = PBXFileReference; explicitFileType = wrapper.application; includeInIndex = 0; path = "Projeto-Ferias-Quadro-Fotos-Iluminado-iOS.app"; sourceTree = BUILT_PRODUCTS_DIR; };
		DBC3FA9B1B3F8F3F00FC004C /* Info.plist */ = {isa = PBXFileReference; lastKnownFileType = text.plist.xml; path = Info.plist; sourceTree = "<group>"; };
		DBC3FA9C1B3F8F3F00FC004C /* AppDelegate.swift */ = {isa = PBXFileReference; lastKnownFileType = sourcecode.swift; path = AppDelegate.swift; sourceTree = "<group>"; };
		DBC3FA9E1B3F8F3F00FC004C /* ViewController.swift */ = {isa = PBXFileReference; lastKnownFileType = sourcecode.swift; path = ViewController.swift; sourceTree = "<group>"; };
		DBC3FAA11B3F8F3F00FC004C /* Base */ = {isa = PBXFileReference; lastKnownFileType = file.storyboard; name = Base; path = Base.lproj/Main.storyboard; sourceTree = "<group>"; };
		DBC3FAA31B3F8F3F00FC004C /* Images.xcassets */ = {isa = PBXFileReference; lastKnownFileType = folder.assetcatalog; path = Images.xcassets; sourceTree = "<group>"; };
		DBC3FAA61B3F8F3F00FC004C /* Base */ = {isa = PBXFileReference; lastKnownFileType = file.xib; name = Base; path = Base.lproj/LaunchScreen.xib; sourceTree = "<group>"; };
		DBC3FAAC1B3F8F3F00FC004C /* Projeto-Ferias-Quadro-Fotos-Iluminado-iOSTests.xctest */ = {isa = PBXFileReference; explicitFileType = wrapper.cfbundle; includeInIndex = 0; path = "Projeto-Ferias-Quadro-Fotos-Iluminado-iOSTests.xctest"; sourceTree = BUILT_PRODUCTS_DIR; };
		DBC3FAB11B3F8F3F00FC004C /* Info.plist */ = {isa = PBXFileReference; lastKnownFileType = text.plist.xml; path = Info.plist; sourceTree = "<group>"; };
		DBC3FAB21B3F8F3F00FC004C /* Projeto_Ferias_Quadro_Fotos_Iluminado_iOSTests.swift */ = {isa = PBXFileReference; lastKnownFileType = sourcecode.swift; path = Projeto_Ferias_Quadro_Fotos_Iluminado_iOSTests.swift; sourceTree = "<group>"; };
/* End PBXFileReference section */

/* Begin PBXFrameworksBuildPhase section */
		DBC3FA941B3F8F3F00FC004C /* Frameworks */ = {
			isa = PBXFrameworksBuildPhase;
			buildActionMask = 2147483647;
			files = (
			);
			runOnlyForDeploymentPostprocessing = 0;
		};
		DBC3FAA91B3F8F3F00FC004C /* Frameworks */ = {
			isa = PBXFrameworksBuildPhase;
			buildActionMask = 2147483647;
			files = (
			);
			runOnlyForDeploymentPostprocessing = 0;
		};
/* End PBXFrameworksBuildPhase section */

/* Begin PBXGroup section */
		DBC3FA8E1B3F8F3F00FC004C = {
			isa = PBXGroup;
			children = (
				DBC3FA991B3F8F3F00FC004C /* Projeto-Ferias-Quadro-Fotos-Iluminado-iOS */,
				DBC3FAAF1B3F8F3F00FC004C /* Projeto-Ferias-Quadro-Fotos-Iluminado-iOSTests */,
				DBC3FA981B3F8F3F00FC004C /* Products */,
			);
			sourceTree = "<group>";
		};
		DBC3FA981B3F8F3F00FC004C /* Products */ = {
			isa = PBXGroup;
			children = (
				DBC3FA971B3F8F3F00FC004C /* Projeto-Ferias-Quadro-Fotos-Iluminado-iOS.app */,
				DBC3FAAC1B3F8F3F00FC004C /* Projeto-Ferias-Quadro-Fotos-Iluminado-iOSTests.xctest */,
			);
			name = Products;
			sourceTree = "<group>";
		};
		DBC3FA991B3F8F3F00FC004C /* Projeto-Ferias-Quadro-Fotos-Iluminado-iOS */ = {
			isa = PBXGroup;
			children = (
				DB9F39131B3FA84E001D1D56 /* DispositivosTableViewController.swift */,
				DB117C3B1B4637D700059E77 /* QuadrosViewController.swift */,
				DBC3FA9C1B3F8F3F00FC004C /* AppDelegate.swift */,
				DBC3FA9E1B3F8F3F00FC004C /* ViewController.swift */,
				DBC3FAA01B3F8F3F00FC004C /* Main.storyboard */,
				DBC3FAA31B3F8F3F00FC004C /* Images.xcassets */,
				DBC3FAA51B3F8F3F00FC004C /* LaunchScreen.xib */,
				DBC3FA9A1B3F8F3F00FC004C /* Supporting Files */,
			);
			path = "Projeto-Ferias-Quadro-Fotos-Iluminado-iOS";
			sourceTree = "<group>";
		};
		DBC3FA9A1B3F8F3F00FC004C /* Supporting Files */ = {
			isa = PBXGroup;
			children = (
				DBC3FA9B1B3F8F3F00FC004C /* Info.plist */,
			);
			name = "Supporting Files";
			sourceTree = "<group>";
		};
		DBC3FAAF1B3F8F3F00FC004C /* Projeto-Ferias-Quadro-Fotos-Iluminado-iOSTests */ = {
			isa = PBXGroup;
			children = (
				DBC3FAB21B3F8F3F00FC004C /* Projeto_Ferias_Quadro_Fotos_Iluminado_iOSTests.swift */,
				DBC3FAB01B3F8F3F00FC004C /* Supporting Files */,
			);
			path = "Projeto-Ferias-Quadro-Fotos-Iluminado-iOSTests";
			sourceTree = "<group>";
		};
		DBC3FAB01B3F8F3F00FC004C /* Supporting Files */ = {
			isa = PBXGroup;
			children = (
				DBC3FAB11B3F8F3F00FC004C /* Info.plist */,
			);
			name = "Supporting Files";
			sourceTree = "<group>";
		};
/* End PBXGroup section */

/* Begin PBXNativeTarget section */
		DBC3FA961B3F8F3F00FC004C /* Projeto-Ferias-Quadro-Fotos-Iluminado-iOS */ = {
			isa = PBXNativeTarget;
			buildConfigurationList = DBC3FAB61B3F8F3F00FC004C /* Build configuration list for PBXNativeTarget "Projeto-Ferias-Quadro-Fotos-Iluminado-iOS" */;
			buildPhases = (
				DBC3FA931B3F8F3F00FC004C /* Sources */,
				DBC3FA941B3F8F3F00FC004C /* Frameworks */,
				DBC3FA951B3F8F3F00FC004C /* Resources */,
			);
			buildRules = (
			);
			dependencies = (
			);
			name = "Projeto-Ferias-Quadro-Fotos-Iluminado-iOS";
			productName = "Projeto-Ferias-Quadro-Fotos-Iluminado-iOS";
			productReference = DBC3FA971B3F8F3F00FC004C /* Projeto-Ferias-Quadro-Fotos-Iluminado-iOS.app */;
			productType = "com.apple.product-type.application";
		};
		DBC3FAAB1B3F8F3F00FC004C /* Projeto-Ferias-Quadro-Fotos-Iluminado-iOSTests */ = {
			isa = PBXNativeTarget;
			buildConfigurationList = DBC3FAB91B3F8F3F00FC004C /* Build configuration list for PBXNativeTarget "Projeto-Ferias-Quadro-Fotos-Iluminado-iOSTests" */;
			buildPhases = (
				DBC3FAA81B3F8F3F00FC004C /* Sources */,
				DBC3FAA91B3F8F3F00FC004C /* Frameworks */,
				DBC3FAAA1B3F8F3F00FC004C /* Resources */,
			);
			buildRules = (
			);
			dependencies = (
				DBC3FAAE1B3F8F3F00FC004C /* PBXTargetDependency */,
			);
			name = "Projeto-Ferias-Quadro-Fotos-Iluminado-iOSTests";
			productName = "Projeto-Ferias-Quadro-Fotos-Iluminado-iOSTests";
			productReference = DBC3FAAC1B3F8F3F00FC004C /* Projeto-Ferias-Quadro-Fotos-Iluminado-iOSTests.xctest */;
			productType = "com.apple.product-type.bundle.unit-test";
		};
/* End PBXNativeTarget section */

/* Begin PBXProject section */
		DBC3FA8F1B3F8F3F00FC004C /* Project object */ = {
			isa = PBXProject;
			attributes = {
				LastUpgradeCheck = 0630;
				ORGANIZATIONNAME = "Humberto Vieira de Castro";
				TargetAttributes = {
					DBC3FA961B3F8F3F00FC004C = {
						CreatedOnToolsVersion = 6.3.2;
					};
					DBC3FAAB1B3F8F3F00FC004C = {
						CreatedOnToolsVersion = 6.3.2;
						TestTargetID = DBC3FA961B3F8F3F00FC004C;
					};
				};
			};
			buildConfigurationList = DBC3FA921B3F8F3F00FC004C /* Build configuration list for PBXProject "Projeto-Ferias-Quadro-Fotos-Iluminado-iOS" */;
			compatibilityVersion = "Xcode 3.2";
			developmentRegion = English;
			hasScannedForEncodings = 0;
			knownRegions = (
				en,
				Base,
			);
			mainGroup = DBC3FA8E1B3F8F3F00FC004C;
			productRefGroup = DBC3FA981B3F8F3F00FC004C /* Products */;
			projectDirPath = "";
			projectRoot = "";
			targets = (
				DBC3FA961B3F8F3F00FC004C /* Projeto-Ferias-Quadro-Fotos-Iluminado-iOS */,
				DBC3FAAB1B3F8F3F00FC004C /* Projeto-Ferias-Quadro-Fotos-Iluminado-iOSTests */,
			);
		};
/* End PBXProject section */

/* Begin PBXResourcesBuildPhase section */
		DBC3FA951B3F8F3F00FC004C /* Resources */ = {
			isa = PBXResourcesBuildPhase;
			buildActionMask = 2147483647;
			files = (
				DBC3FAA21B3F8F3F00FC004C /* Main.storyboard in Resources */,
				DBC3FAA71B3F8F3F00FC004C /* LaunchScreen.xib in Resources */,
				DBC3FAA41B3F8F3F00FC004C /* Images.xcassets in Resources */,
			);
			runOnlyForDeploymentPostprocessing = 0;
		};
		DBC3FAAA1B3F8F3F00FC004C /* Resources */ = {
			isa = PBXResourcesBuildPhase;
			buildActionMask = 2147483647;
			files = (
			);
			runOnlyForDeploymentPostprocessing = 0;
		};
/* End PBXResourcesBuildPhase section */

/* Begin PBXSourcesBuildPhase section */
		DBC3FA931B3F8F3F00FC004C /* Sources */ = {
			isa = PBXSourcesBuildPhase;
			buildActionMask = 2147483647;
			files = (
				DB117C3C1B4637D700059E77 /* QuadrosViewController.swift in Sources */,
				DBC3FA9F1B3F8F3F00FC004C /* ViewController.swift in Sources */,
				DB9F39141B3FA84E001D1D56 /* DispositivosTableViewController.swift in Sources */,
				DBC3FA9D1B3F8F3F00FC004C /* AppDelegate.swift in Sources */,
			);
			runOnlyForDeploymentPostprocessing = 0;
		};
		DBC3FAA81B3F8F3F00FC004C /* Sources */ = {
			isa = PBXSourcesBuildPhase;
			buildActionMask = 2147483647;
			files = (
				DBC3FAB31B3F8F3F00FC004C /* Projeto_Ferias_Quadro_Fotos_Iluminado_iOSTests.swift in Sources */,
			);
			runOnlyForDeploymentPostprocessing = 0;
		};
/* End PBXSourcesBuildPhase section */

/* Begin PBXTargetDependency section */
		DBC3FAAE1B3F8F3F00FC004C /* PBXTargetDependency */ = {
			isa = PBXTargetDependency;
			target = DBC3FA961B3F8F3F00FC004C /* Projeto-Ferias-Quadro-Fotos-Iluminado-iOS */;
			targetProxy = DBC3FAAD1B3F8F3F00FC004C /* PBXContainerItemProxy */;
		};
/* End PBXTargetDependency section */

/* Begin PBXVariantGroup section */
		DBC3FAA01B3F8F3F00FC004C /* Main.storyboard */ = {
			isa = PBXVariantGroup;
			children = (
				DBC3FAA11B3F8F3F00FC004C /* Base */,
			);
			name = Main.storyboard;
			sourceTree = "<group>";
		};
		DBC3FAA51B3F8F3F00FC004C /* LaunchScreen.xib */ = {
			isa = PBXVariantGroup;
			children = (
				DBC3FAA61B3F8F3F00FC004C /* Base */,
			);
			name = LaunchScreen.xib;
			sourceTree = "<group>";
		};
/* End PBXVariantGroup section */

/* Begin XCBuildConfiguration section */
		DBC3FAB41B3F8F3F00FC004C /* Debug */ = {
			isa = XCBuildConfiguration;
			buildSettings = {
				ALWAYS_SEARCH_USER_PATHS = NO;
				CLANG_CXX_LANGUAGE_STANDARD = "gnu++0x";
				CLANG_CXX_LIBRARY = "libc++";
				CLANG_ENABLE_MODULES = YES;
				CLANG_ENABLE_OBJC_ARC = YES;
				CLANG_WARN_BOOL_CONVERSION = YES;
				CLANG_WARN_CONSTANT_CONVERSION = YES;
				CLANG_WARN_DIRECT_OBJC_ISA_USAGE = YES_ERROR;
				CLANG_WARN_EMPTY_BODY = YES;
				CLANG_WARN_ENUM_CONVERSION = YES;
				CLANG_WARN_INT_CONVERSION = YES;
				CLANG_WARN_OBJC_ROOT_CLASS = YES_ERROR;
				CLANG_WARN_UNREACHABLE_CODE = YES;
				CLANG_WARN__DUPLICATE_METHOD_MATCH = YES;
				"CODE_SIGN_IDENTITY[sdk=iphoneos*]" = "iPhone Developer";
				COPY_PHASE_STRIP = NO;
				DEBUG_INFORMATION_FORMAT = "dwarf-with-dsym";
				ENABLE_STRICT_OBJC_MSGSEND = YES;
				GCC_C_LANGUAGE_STANDARD = gnu99;
				GCC_DYNAMIC_NO_PIC = NO;
				GCC_NO_COMMON_BLOCKS = YES;
				GCC_OPTIMIZATION_LEVEL = 0;
				GCC_PREPROCESSOR_DEFINITIONS = (
					"DEBUG=1",
					"$(inherited)",
				);
				GCC_SYMBOLS_PRIVATE_EXTERN = NO;
				GCC_WARN_64_TO_32_BIT_CONVERSION = YES;
				GCC_WARN_ABOUT_RETURN_TYPE = YES_ERROR;
				GCC_WARN_UNDECLARED_SELECTOR = YES;
				GCC_WARN_UNINITIALIZED_AUTOS = YES_AGGRESSIVE;
				GCC_WARN_UNUSED_FUNCTION = YES;
				GCC_WARN_UNUSED_VARIABLE = YES;
				IPHONEOS_DEPLOYMENT_TARGET = 8.3;
				MTL_ENABLE_DEBUG_INFO = YES;
				ONLY_ACTIVE_ARCH = YES;
				SDKROOT = iphoneos;
				SWIFT_OPTIMIZATION_LEVEL = "-Onone";
			};
			name = Debug;
		};
		DBC3FAB51B3F8F3F00FC004C /* Release */ = {
			isa = XCBuildConfiguration;
			buildSettings = {
				ALWAYS_SEARCH_USER_PATHS = NO;
				CLANG_CXX_LANGUAGE_STANDARD = "gnu++0x";
				CLANG_CXX_LIBRARY = "libc++";
				CLANG_ENABLE_MODULES = YES;
				CLANG_ENABLE_OBJC_ARC = YES;
				CLANG_WARN_BOOL_CONVERSION = YES;
				CLANG_WARN_CONSTANT_CONVERSION = YES;
				CLANG_WARN_DIRECT_OBJC_ISA_USAGE = YES_ERROR;
				CLANG_WARN_EMPTY_BODY = YES;
				CLANG_WARN_ENUM_CONVERSION = YES;
				CLANG_WARN_INT_CONVERSION = YES;
				CLANG_WARN_OBJC_ROOT_CLASS = YES_ERROR;
				CLANG_WARN_UNREACHABLE_CODE = YES;
				CLANG_WARN__DUPLICATE_METHOD_MATCH = YES;
				"CODE_SIGN_IDENTITY[sdk=iphoneos*]" = "iPhone Developer";
				COPY_PHASE_STRIP = NO;
				DEBUG_INFORMATION_FORMAT = "dwarf-with-dsym";
				ENABLE_NS_ASSERTIONS = NO;
				ENABLE_STRICT_OBJC_MSGSEND = YES;
				GCC_C_LANGUAGE_STANDARD = gnu99;
				GCC_NO_COMMON_BLOCKS = YES;
				GCC_WARN_64_TO_32_BIT_CONVERSION = YES;
				GCC_WARN_ABOUT_RETURN_TYPE = YES_ERROR;
				GCC_WARN_UNDECLARED_SELECTOR = YES;
				GCC_WARN_UNINITIALIZED_AUTOS = YES_AGGRESSIVE;
				GCC_WARN_UNUSED_FUNCTION = YES;
				GCC_WARN_UNUSED_VARIABLE = YES;
				IPHONEOS_DEPLOYMENT_TARGET = 8.3;
				MTL_ENABLE_DEBUG_INFO = NO;
				SDKROOT = iphoneos;
				VALIDATE_PRODUCT = YES;
			};
			name = Release;
		};
		DBC3FAB71B3F8F3F00FC004C /* Debug */ = {
			isa = XCBuildConfiguration;
			buildSettings = {
				ASSETCATALOG_COMPILER_APPICON_NAME = AppIcon;
				INFOPLIST_FILE = "Projeto-Ferias-Quadro-Fotos-Iluminado-iOS/Info.plist";
				LD_RUNPATH_SEARCH_PATHS = "$(inherited) @executable_path/Frameworks";
				PRODUCT_NAME = "$(TARGET_NAME)";
			};
			name = Debug;
		};
		DBC3FAB81B3F8F3F00FC004C /* Release */ = {
			isa = XCBuildConfiguration;
			buildSettings = {
				ASSETCATALOG_COMPILER_APPICON_NAME = AppIcon;
				INFOPLIST_FILE = "Projeto-Ferias-Quadro-Fotos-Iluminado-iOS/Info.plist";
				LD_RUNPATH_SEARCH_PATHS = "$(inherited) @executable_path/Frameworks";
				PRODUCT_NAME = "$(TARGET_NAME)";
			};
			name = Release;
		};
		DBC3FABA1B3F8F3F00FC004C /* Debug */ = {
			isa = XCBuildConfiguration;
			buildSettings = {
				BUNDLE_LOADER = "$(TEST_HOST)";
				FRAMEWORK_SEARCH_PATHS = (
					"$(SDKROOT)/Developer/Library/Frameworks",
					"$(inherited)",
				);
				GCC_PREPROCESSOR_DEFINITIONS = (
					"DEBUG=1",
					"$(inherited)",
				);
				INFOPLIST_FILE = "Projeto-Ferias-Quadro-Fotos-Iluminado-iOSTests/Info.plist";
				LD_RUNPATH_SEARCH_PATHS = "$(inherited) @executable_path/Frameworks @loader_path/Frameworks";
				PRODUCT_NAME = "$(TARGET_NAME)";
				TEST_HOST = "$(BUILT_PRODUCTS_DIR)/Projeto-Ferias-Quadro-Fotos-Iluminado-iOS.app/Projeto-Ferias-Quadro-Fotos-Iluminado-iOS";
			};
			name = Debug;
		};
		DBC3FABB1B3F8F3F00FC004C /* Release */ = {
			isa = XCBuildConfiguration;
			buildSettings = {
				BUNDLE_LOADER = "$(TEST_HOST)";
				FRAMEWORK_SEARCH_PATHS = (
					"$(SDKROOT)/Developer/Library/Frameworks",
					"$(inherited)",
				);
				INFOPLIST_FILE = "Projeto-Ferias-Quadro-Fotos-Iluminado-iOSTests/Info.plist";
				LD_RUNPATH_SEARCH_PATHS = "$(inherited) @executable_path/Frameworks @loader_path/Frameworks";
				PRODUCT_NAME = "$(TARGET_NAME)";
				TEST_HOST = "$(BUILT_PRODUCTS_DIR)/Projeto-Ferias-Quadro-Fotos-Iluminado-iOS.app/Projeto-Ferias-Quadro-Fotos-Iluminado-iOS";
			};
			name = Release;
		};
/* End XCBuildConfiguration section */

/* Begin XCConfigurationList section */
		DBC3FA921B3F8F3F00FC004C /* Build configuration list for PBXProject "Projeto-Ferias-Quadro-Fotos-Iluminado-iOS" */ = {
			isa = XCConfigurationList;
			buildConfigurations = (
				DBC3FAB41B3F8F3F00FC004C /* Debug */,
				DBC3FAB51B3F8F3F00FC004C /* Release */,
			);
			defaultConfigurationIsVisible = 0;
			defaultConfigurationName = Release;
		};
		DBC3FAB61B3F8F3F00FC004C /* Build configuration list for PBXNativeTarget "Projeto-Ferias-Quadro-Fotos-Iluminado-iOS" */ = {
			isa = XCConfigurationList;
			buildConfigurations = (
				DBC3FAB71B3F8F3F00FC004C /* Debug */,
				DBC3FAB81B3F8F3F00FC004C /* Release */,
			);
			defaultConfigurationIsVisible = 0;
			defaultConfigurationName = Release;
		};
		DBC3FAB91B3F8F3F00FC004C /* Build configuration list for PBXNativeTarget "Projeto-Ferias-Quadro-Fotos-Iluminado-iOSTests" */ = {
			isa = XCConfigurationList;
			buildConfigurations = (
				DBC3FABA1B3F8F3F00FC004C /* Debug */,
				DBC3FABB1B3F8F3F00FC004C /* Release */,
			);
			defaultConfigurationIsVisible = 0;
			defaultConfigurationName = Release;
		};
/* End XCConfigurationList section */
	};
	rootObject = DBC3FA8F1B3F8F3F00FC004C /* Project object */;
}
